
Microsoft Visual Studio Solution File, Format Version 12.00
# Visual Studio 15
VisualStudioVersion = 15.0.28010.2016
MinimumVisualStudioVersion = 10.0.40219.1
Project("{8BC9CEB8-8B4A-11D0-8D11-00A0C91BC942}") = "CS3113 Final Space Slimes", "CS3113 Final Space Slimes\CS3113 Final Space Slimes.vcxproj", "{75541960-024A-4347-8819-E6949C45CC21}"
EndProject
Global
	GlobalSection(SolutionConfigurationPlatforms) = preSolution
		Debug|x64 = Debug|x64
		Debug|x86 = Debug|x86
		Release|x64 = Release|x64
		Release|x86 = Release|x86
	EndGlobalSection
	GlobalSection(ProjectConfigurationPlatforms) = postSolution
		{75541960-024A-4347-8819-E6949C45CC21}.Debug|x64.ActiveCfg = Debug|x64
		{75541960-024A-4347-8819-E6949C45CC21}.Debug|x64.Build.0 = Debug|x64
		{75541960-024A-4347-8819-E6949C45CC21}.Debug|x86.ActiveCfg = Debug|Win32
		{75541960-024A-4347-8819-E6949C45CC21}.Debug|x86.Build.0 = Debug|Win32
		{75541960-024A-4347-8819-E6949C45CC21}.Release|x64.ActiveCfg = Release|x64
		{75541960-024A-4347-8819-E6949C45CC21}.Release|x64.Build.0 = Release|x64
		{75541960-024A-4347-8819-E6949C45CC21}.Release|x86.ActiveCfg = Release|Win32
		{75541960-024A-4347-8819-E6949C45CC21}.Release|x86.Build.0 = Release|Win32
	EndGlobalSection
	GlobalSection(SolutionProperties) = preSolution
		HideSolutionNode = FALSE
	EndGlobalSection
	GlobalSection(ExtensibilityGlobals) = postSolution
		SolutionGuid = {F3ADAAAF-E5DC-4600-ADE4-956E80C1B719}
	EndGlobalSection
EndGlobal
